// !$*UTF8*$!
{
	archiveVersion = 1;
	classes = {
	};
	objectVersion = 56;
	objects = {

/* Begin PBXBuildFile section */
		D451988E294533B400F9982E /* ReservationCellView.swift in Sources */ = {isa = PBXBuildFile; fileRef = D451988D294533B400F9982E /* ReservationCellView.swift */; };
		D45198912945396400F9982E /* ReservationDetailView.swift in Sources */ = {isa = PBXBuildFile; fileRef = D45198902945396400F9982E /* ReservationDetailView.swift */; };
		D451989329453CB400F9982E /* CloseButton.swift in Sources */ = {isa = PBXBuildFile; fileRef = D451989229453CB400F9982E /* CloseButton.swift */; };
		D48B9AF229441064003A937E /* OpenTable_TestApp.swift in Sources */ = {isa = PBXBuildFile; fileRef = D48B9AF129441064003A937E /* OpenTable_TestApp.swift */; };
		D48B9AF429441064003A937E /* TimesView.swift in Sources */ = {isa = PBXBuildFile; fileRef = D48B9AF329441064003A937E /* TimesView.swift */; };
		D48B9AF629441066003A937E /* Assets.xcassets in Resources */ = {isa = PBXBuildFile; fileRef = D48B9AF529441066003A937E /* Assets.xcassets */; };
		D48B9AF929441066003A937E /* Preview Assets.xcassets in Resources */ = {isa = PBXBuildFile; fileRef = D48B9AF829441066003A937E /* Preview Assets.xcassets */; };
		D48B9B0029441084003A937E /* TimesProvider.swift in Sources */ = {isa = PBXBuildFile; fileRef = D48B9AFF29441084003A937E /* TimesProvider.swift */; };
		D48B9B02294418D6003A937E /* TimeCellView.swift in Sources */ = {isa = PBXBuildFile; fileRef = D48B9B01294418D6003A937E /* TimeCellView.swift */; };
		D48B9B04294420A4003A937E /* PartySizeView.swift in Sources */ = {isa = PBXBuildFile; fileRef = D48B9B03294420A4003A937E /* PartySizeView.swift */; };
		D48B9B0629442484003A937E /* PartySizeCellView.swift in Sources */ = {isa = PBXBuildFile; fileRef = D48B9B0529442484003A937E /* PartySizeCellView.swift */; };
		D48B9B08294428D2003A937E /* ReservationsView.swift in Sources */ = {isa = PBXBuildFile; fileRef = D48B9B07294428D2003A937E /* ReservationsView.swift */; };
		D48B9B0A29442FB3003A937E /* GuestDetailsView.swift in Sources */ = {isa = PBXBuildFile; fileRef = D48B9B0929442FB3003A937E /* GuestDetailsView.swift */; };
		D48B9B0C294521F4003A937E /* Reservation.swift in Sources */ = {isa = PBXBuildFile; fileRef = D48B9B0B294521F4003A937E /* Reservation.swift */; };
		D48B9B1329452F68003A937E /* ReservationsViewModel.swift in Sources */ = {isa = PBXBuildFile; fileRef = D48B9B1229452F68003A937E /* ReservationsViewModel.swift */; };
/* End PBXBuildFile section */

/* Begin PBXFileReference section */
		D451988D294533B400F9982E /* ReservationCellView.swift */ = {isa = PBXFileReference; lastKnownFileType = sourcecode.swift; path = ReservationCellView.swift; sourceTree = "<group>"; };
		D45198902945396400F9982E /* ReservationDetailView.swift */ = {isa = PBXFileReference; lastKnownFileType = sourcecode.swift; path = ReservationDetailView.swift; sourceTree = "<group>"; };
		D451989229453CB400F9982E /* CloseButton.swift */ = {isa = PBXFileReference; lastKnownFileType = sourcecode.swift; path = CloseButton.swift; sourceTree = "<group>"; };
		D48B9AEE29441064003A937E /* OpenTable-Test.app */ = {isa = PBXFileReference; explicitFileType = wrapper.application; includeInIndex = 0; path = "OpenTable-Test.app"; sourceTree = BUILT_PRODUCTS_DIR; };
		D48B9AF129441064003A937E /* OpenTable_TestApp.swift */ = {isa = PBXFileReference; lastKnownFileType = sourcecode.swift; path = OpenTable_TestApp.swift; sourceTree = "<group>"; };
		D48B9AF329441064003A937E /* TimesView.swift */ = {isa = PBXFileReference; lastKnownFileType = sourcecode.swift; path = TimesView.swift; sourceTree = "<group>"; };
		D48B9AF529441066003A937E /* Assets.xcassets */ = {isa = PBXFileReference; lastKnownFileType = folder.assetcatalog; path = Assets.xcassets; sourceTree = "<group>"; };
		D48B9AF829441066003A937E /* Preview Assets.xcassets */ = {isa = PBXFileReference; lastKnownFileType = folder.assetcatalog; path = "Preview Assets.xcassets"; sourceTree = "<group>"; };
		D48B9AFF29441084003A937E /* TimesProvider.swift */ = {isa = PBXFileReference; lastKnownFileType = sourcecode.swift; path = TimesProvider.swift; sourceTree = "<group>"; };
		D48B9B01294418D6003A937E /* TimeCellView.swift */ = {isa = PBXFileReference; lastKnownFileType = sourcecode.swift; path = TimeCellView.swift; sourceTree = "<group>"; };
		D48B9B03294420A4003A937E /* PartySizeView.swift */ = {isa = PBXFileReference; lastKnownFileType = sourcecode.swift; path = PartySizeView.swift; sourceTree = "<group>"; };
		D48B9B0529442484003A937E /* PartySizeCellView.swift */ = {isa = PBXFileReference; lastKnownFileType = sourcecode.swift; path = PartySizeCellView.swift; sourceTree = "<group>"; };
		D48B9B07294428D2003A937E /* ReservationsView.swift */ = {isa = PBXFileReference; lastKnownFileType = sourcecode.swift; path = ReservationsView.swift; sourceTree = "<group>"; };
		D48B9B0929442FB3003A937E /* GuestDetailsView.swift */ = {isa = PBXFileReference; lastKnownFileType = sourcecode.swift; path = GuestDetailsView.swift; sourceTree = "<group>"; };
		D48B9B0B294521F4003A937E /* Reservation.swift */ = {isa = PBXFileReference; lastKnownFileType = sourcecode.swift; path = Reservation.swift; sourceTree = "<group>"; };
		D48B9B1229452F68003A937E /* ReservationsViewModel.swift */ = {isa = PBXFileReference; lastKnownFileType = sourcecode.swift; path = ReservationsViewModel.swift; sourceTree = "<group>"; };
/* End PBXFileReference section */

/* Begin PBXFrameworksBuildPhase section */
		D48B9AEB29441064003A937E /* Frameworks */ = {
			isa = PBXFrameworksBuildPhase;
			buildActionMask = 2147483647;
			files = (
			);
			runOnlyForDeploymentPostprocessing = 0;
		};
/* End PBXFrameworksBuildPhase section */

/* Begin PBXGroup section */
		D451988F2945394800F9982E /* ReservationDetailView */ = {
			isa = PBXGroup;
			children = (
				D45198902945396400F9982E /* ReservationDetailView.swift */,
			);
			path = ReservationDetailView;
			sourceTree = "<group>";
		};
		D451989429464F6300F9982E /* AuxiliaryViews */ = {
			isa = PBXGroup;
			children = (
				D451989229453CB400F9982E /* CloseButton.swift */,
			);
			path = AuxiliaryViews;
			sourceTree = "<group>";
		};
		D48B9AE529441064003A937E = {
			isa = PBXGroup;
			children = (
				D48B9AF029441064003A937E /* OpenTable-Test */,
				D48B9AEF29441064003A937E /* Products */,
			);
			sourceTree = "<group>";
		};
		D48B9AEF29441064003A937E /* Products */ = {
			isa = PBXGroup;
			children = (
				D48B9AEE29441064003A937E /* OpenTable-Test.app */,
			);
			name = Products;
			sourceTree = "<group>";
		};
		D48B9AF029441064003A937E /* OpenTable-Test */ = {
			isa = PBXGroup;
			children = (
				D451989429464F6300F9982E /* AuxiliaryViews */,
				D451988F2945394800F9982E /* ReservationDetailView */,
				D48B9B1129452C99003A937E /* Models */,
				D48B9B1029452C8B003A937E /* GuestDetailsView */,
				D48B9B0F29452C79003A937E /* PartySizeView */,
				D48B9B0E29452C67003A937E /* TimesView */,
				D48B9B0D29452C51003A937E /* ReservationsView */,
				D48B9AF129441064003A937E /* OpenTable_TestApp.swift */,
				D48B9AF529441066003A937E /* Assets.xcassets */,
				D48B9AF729441066003A937E /* Preview Content */,
			);
			path = "OpenTable-Test";
			sourceTree = "<group>";
		};
		D48B9AF729441066003A937E /* Preview Content */ = {
			isa = PBXGroup;
			children = (
				D48B9AF829441066003A937E /* Preview Assets.xcassets */,
			);
			path = "Preview Content";
			sourceTree = "<group>";
		};
		D48B9B0D29452C51003A937E /* ReservationsView */ = {
			isa = PBXGroup;
			children = (
				D48B9B07294428D2003A937E /* ReservationsView.swift */,
				D48B9B1229452F68003A937E /* ReservationsViewModel.swift */,
				D451988D294533B400F9982E /* ReservationCellView.swift */,
			);
			path = ReservationsView;
			sourceTree = "<group>";
		};
		D48B9B0E29452C67003A937E /* TimesView */ = {
			isa = PBXGroup;
			children = (
				D48B9B01294418D6003A937E /* TimeCellView.swift */,
				D48B9AF329441064003A937E /* TimesView.swift */,
			);
			path = TimesView;
			sourceTree = "<group>";
		};
		D48B9B0F29452C79003A937E /* PartySizeView */ = {
			isa = PBXGroup;
			children = (
				D48B9B0529442484003A937E /* PartySizeCellView.swift */,
				D48B9B03294420A4003A937E /* PartySizeView.swift */,
			);
			path = PartySizeView;
			sourceTree = "<group>";
		};
		D48B9B1029452C8B003A937E /* GuestDetailsView */ = {
			isa = PBXGroup;
			children = (
				D48B9B0929442FB3003A937E /* GuestDetailsView.swift */,
			);
			path = GuestDetailsView;
			sourceTree = "<group>";
		};
		D48B9B1129452C99003A937E /* Models */ = {
			isa = PBXGroup;
			children = (
				D48B9B0B294521F4003A937E /* Reservation.swift */,
				D48B9AFF29441084003A937E /* TimesProvider.swift */,
			);
			path = Models;
			sourceTree = "<group>";
		};
/* End PBXGroup section */

/* Begin PBXNativeTarget section */
		D48B9AED29441064003A937E /* OpenTable-Test */ = {
			isa = PBXNativeTarget;
			buildConfigurationList = D48B9AFC29441066003A937E /* Build configuration list for PBXNativeTarget "OpenTable-Test" */;
			buildPhases = (
				D48B9AEA29441064003A937E /* Sources */,
				D48B9AEB29441064003A937E /* Frameworks */,
				D48B9AEC29441064003A937E /* Resources */,
			);
			buildRules = (
			);
			dependencies = (
			);
			name = "OpenTable-Test";
			productName = "OpenTable-Test";
			productReference = D48B9AEE29441064003A937E /* OpenTable-Test.app */;
			productType = "com.apple.product-type.application";
		};
/* End PBXNativeTarget section */

/* Begin PBXProject section */
		D48B9AE629441064003A937E /* Project object */ = {
			isa = PBXProject;
			attributes = {
				BuildIndependentTargetsInParallel = 1;
				LastSwiftUpdateCheck = 1410;
				LastUpgradeCheck = 1410;
				TargetAttributes = {
					D48B9AED29441064003A937E = {
						CreatedOnToolsVersion = 14.1;
					};
				};
			};
			buildConfigurationList = D48B9AE929441064003A937E /* Build configuration list for PBXProject "OpenTable-Test" */;
			compatibilityVersion = "Xcode 14.0";
			developmentRegion = en;
			hasScannedForEncodings = 0;
			knownRegions = (
				en,
				Base,
			);
			mainGroup = D48B9AE529441064003A937E;
			productRefGroup = D48B9AEF29441064003A937E /* Products */;
			projectDirPath = "";
			projectRoot = "";
			targets = (
				D48B9AED29441064003A937E /* OpenTable-Test */,
			);
		};
/* End PBXProject section */

/* Begin PBXResourcesBuildPhase section */
		D48B9AEC29441064003A937E /* Resources */ = {
			isa = PBXResourcesBuildPhase;
			buildActionMask = 2147483647;
			files = (
				D48B9AF929441066003A937E /* Preview Assets.xcassets in Resources */,
				D48B9AF629441066003A937E /* Assets.xcassets in Resources */,
			);
			runOnlyForDeploymentPostprocessing = 0;
		};
/* End PBXResourcesBuildPhase section */

/* Begin PBXSourcesBuildPhase section */
		D48B9AEA29441064003A937E /* Sources */ = {
			isa = PBXSourcesBuildPhase;
			buildActionMask = 2147483647;
			files = (
				D48B9B0629442484003A937E /* PartySizeCellView.swift in Sources */,
				D451988E294533B400F9982E /* ReservationCellView.swift in Sources */,
				D48B9AF429441064003A937E /* TimesView.swift in Sources */,
				D48B9B0C294521F4003A937E /* Reservation.swift in Sources */,
				D48B9B1329452F68003A937E /* ReservationsViewModel.swift in Sources */,
				D48B9B0A29442FB3003A937E /* GuestDetailsView.swift in Sources */,
				D451989329453CB400F9982E /* CloseButton.swift in Sources */,
				D45198912945396400F9982E /* ReservationDetailView.swift in Sources */,
				D48B9B0029441084003A937E /* TimesProvider.swift in Sources */,
				D48B9B04294420A4003A937E /* PartySizeView.swift in Sources */,
				D48B9B08294428D2003A937E /* ReservationsView.swift in Sources */,
				D48B9AF229441064003A937E /* OpenTable_TestApp.swift in Sources */,
				D48B9B02294418D6003A937E /* TimeCellView.swift in Sources */,
			);
			runOnlyForDeploymentPostprocessing = 0;
		};
/* End PBXSourcesBuildPhase section */

/* Begin XCBuildConfiguration section */
		D48B9AFA29441066003A937E /* Debug */ = {
			isa = XCBuildConfiguration;
			buildSettings = {
				ALWAYS_SEARCH_USER_PATHS = NO;
				CLANG_ANALYZER_NONNULL = YES;
				CLANG_ANALYZER_NUMBER_OBJECT_CONVERSION = YES_AGGRESSIVE;
				CLANG_CXX_LANGUAGE_STANDARD = "gnu++20";
				CLANG_ENABLE_MODULES = YES;
				CLANG_ENABLE_OBJC_ARC = YES;
				CLANG_ENABLE_OBJC_WEAK = YES;
				CLANG_WARN_BLOCK_CAPTURE_AUTORELEASING = YES;
				CLANG_WARN_BOOL_CONVERSION = YES;
				CLANG_WARN_COMMA = YES;
				CLANG_WARN_CONSTANT_CONVERSION = YES;
				CLANG_WARN_DEPRECATED_OBJC_IMPLEMENTATIONS = YES;
				CLANG_WARN_DIRECT_OBJC_ISA_USAGE = YES_ERROR;
				CLANG_WARN_DOCUMENTATION_COMMENTS = YES;
				CLANG_WARN_EMPTY_BODY = YES;
				CLANG_WARN_ENUM_CONVERSION = YES;
				CLANG_WARN_INFINITE_RECURSION = YES;
				CLANG_WARN_INT_CONVERSION = YES;
				CLANG_WARN_NON_LITERAL_NULL_CONVERSION = YES;
				CLANG_WARN_OBJC_IMPLICIT_RETAIN_SELF = YES;
				CLANG_WARN_OBJC_LITERAL_CONVERSION = YES;
				CLANG_WARN_OBJC_ROOT_CLASS = YES_ERROR;
				CLANG_WARN_QUOTED_INCLUDE_IN_FRAMEWORK_HEADER = YES;
				CLANG_WARN_RANGE_LOOP_ANALYSIS = YES;
				CLANG_WARN_STRICT_PROTOTYPES = YES;
				CLANG_WARN_SUSPICIOUS_MOVE = YES;
				CLANG_WARN_UNGUARDED_AVAILABILITY = YES_AGGRESSIVE;
				CLANG_WARN_UNREACHABLE_CODE = YES;
				CLANG_WARN__DUPLICATE_METHOD_MATCH = YES;
				COPY_PHASE_STRIP = NO;
				DEBUG_INFORMATION_FORMAT = dwarf;
				ENABLE_STRICT_OBJC_MSGSEND = YES;
				ENABLE_TESTABILITY = YES;
				GCC_C_LANGUAGE_STANDARD = gnu11;
				GCC_DYNAMIC_NO_PIC = NO;
				GCC_NO_COMMON_BLOCKS = YES;
				GCC_OPTIMIZATION_LEVEL = 0;
				GCC_PREPROCESSOR_DEFINITIONS = (
					"DEBUG=1",
					"$(inherited)",
				);
				GCC_WARN_64_TO_32_BIT_CONVERSION = YES;
				GCC_WARN_ABOUT_RETURN_TYPE = YES_ERROR;
				GCC_WARN_UNDECLARED_SELECTOR = YES;
				GCC_WARN_UNINITIALIZED_AUTOS = YES_AGGRESSIVE;
				GCC_WARN_UNUSED_FUNCTION = YES;
				GCC_WARN_UNUSED_VARIABLE = YES;
				IPHONEOS_DEPLOYMENT_TARGET = 16.1;
				MTL_ENABLE_DEBUG_INFO = INCLUDE_SOURCE;
				MTL_FAST_MATH = YES;
				ONLY_ACTIVE_ARCH = YES;
				SDKROOT = iphoneos;
				SWIFT_ACTIVE_COMPILATION_CONDITIONS = DEBUG;
				SWIFT_OPTIMIZATION_LEVEL = "-Onone";
			};
			name = Debug;
		};
		D48B9AFB29441066003A937E /* Release */ = {
			isa = XCBuildConfiguration;
			buildSettings = {
				ALWAYS_SEARCH_USER_PATHS = NO;
				CLANG_ANALYZER_NONNULL = YES;
				CLANG_ANALYZER_NUMBER_OBJECT_CONVERSION = YES_AGGRESSIVE;
				CLANG_CXX_LANGUAGE_STANDARD = "gnu++20";
				CLANG_ENABLE_MODULES = YES;
				CLANG_ENABLE_OBJC_ARC = YES;
				CLANG_ENABLE_OBJC_WEAK = YES;
				CLANG_WARN_BLOCK_CAPTURE_AUTORELEASING = YES;
				CLANG_WARN_BOOL_CONVERSION = YES;
				CLANG_WARN_COMMA = YES;
				CLANG_WARN_CONSTANT_CONVERSION = YES;
				CLANG_WARN_DEPRECATED_OBJC_IMPLEMENTATIONS = YES;
				CLANG_WARN_DIRECT_OBJC_ISA_USAGE = YES_ERROR;
				CLANG_WARN_DOCUMENTATION_COMMENTS = YES;
				CLANG_WARN_EMPTY_BODY = YES;
				CLANG_WARN_ENUM_CONVERSION = YES;
				CLANG_WARN_INFINITE_RECURSION = YES;
				CLANG_WARN_INT_CONVERSION = YES;
				CLANG_WARN_NON_LITERAL_NULL_CONVERSION = YES;
				CLANG_WARN_OBJC_IMPLICIT_RETAIN_SELF = YES;
				CLANG_WARN_OBJC_LITERAL_CONVERSION = YES;
				CLANG_WARN_OBJC_ROOT_CLASS = YES_ERROR;
				CLANG_WARN_QUOTED_INCLUDE_IN_FRAMEWORK_HEADER = YES;
				CLANG_WARN_RANGE_LOOP_ANALYSIS = YES;
				CLANG_WARN_STRICT_PROTOTYPES = YES;
				CLANG_WARN_SUSPICIOUS_MOVE = YES;
				CLANG_WARN_UNGUARDED_AVAILABILITY = YES_AGGRESSIVE;
				CLANG_WARN_UNREACHABLE_CODE = YES;
				CLANG_WARN__DUPLICATE_METHOD_MATCH = YES;
				COPY_PHASE_STRIP = NO;
				DEBUG_INFORMATION_FORMAT = "dwarf-with-dsym";
				ENABLE_NS_ASSERTIONS = NO;
				ENABLE_STRICT_OBJC_MSGSEND = YES;
				GCC_C_LANGUAGE_STANDARD = gnu11;
				GCC_NO_COMMON_BLOCKS = YES;
				GCC_WARN_64_TO_32_BIT_CONVERSION = YES;
				GCC_WARN_ABOUT_RETURN_TYPE = YES_ERROR;
				GCC_WARN_UNDECLARED_SELECTOR = YES;
				GCC_WARN_UNINITIALIZED_AUTOS = YES_AGGRESSIVE;
				GCC_WARN_UNUSED_FUNCTION = YES;
				GCC_WARN_UNUSED_VARIABLE = YES;
				IPHONEOS_DEPLOYMENT_TARGET = 16.1;
				MTL_ENABLE_DEBUG_INFO = NO;
				MTL_FAST_MATH = YES;
				SDKROOT = iphoneos;
				SWIFT_COMPILATION_MODE = wholemodule;
				SWIFT_OPTIMIZATION_LEVEL = "-O";
				VALIDATE_PRODUCT = YES;
			};
			name = Release;
		};
		D48B9AFD29441066003A937E /* Debug */ = {
			isa = XCBuildConfiguration;
			buildSettings = {
				ASSETCATALOG_COMPILER_APPICON_NAME = AppIcon;
				ASSETCATALOG_COMPILER_GLOBAL_ACCENT_COLOR_NAME = AccentColor;
				CODE_SIGN_STYLE = Automatic;
				CURRENT_PROJECT_VERSION = 1;
				DEVELOPMENT_ASSET_PATHS = "\"OpenTable-Test/Preview Content\"";
				DEVELOPMENT_TEAM = 33W8TV4FP8;
				ENABLE_PREVIEWS = YES;
				GENERATE_INFOPLIST_FILE = YES;
				INFOPLIST_KEY_UIApplicationSceneManifest_Generation = YES;
				INFOPLIST_KEY_UIApplicationSupportsIndirectInputEvents = YES;
				INFOPLIST_KEY_UILaunchScreen_Generation = YES;
				INFOPLIST_KEY_UISupportedInterfaceOrientations_iPad = "UIInterfaceOrientationPortrait UIInterfaceOrientationPortraitUpsideDown UIInterfaceOrientationLandscapeLeft UIInterfaceOrientationLandscapeRight";
				INFOPLIST_KEY_UISupportedInterfaceOrientations_iPhone = "UIInterfaceOrientationPortrait UIInterfaceOrientationLandscapeLeft UIInterfaceOrientationLandscapeRight";
				IPHONEOS_DEPLOYMENT_TARGET = 16.0;
				LD_RUNPATH_SEARCH_PATHS = (
					"$(inherited)",
					"@executable_path/Frameworks",
				);
				MARKETING_VERSION = 1.0;
				PRODUCT_BUNDLE_IDENTIFIER = "com.jose.OpenTable-Testtt";
				PRODUCT_NAME = "$(TARGET_NAME)";
				SWIFT_EMIT_LOC_STRINGS = YES;
				SWIFT_VERSION = 5.0;
				TARGETED_DEVICE_FAMILY = "1,2";
			};
			name = Debug;
		};
		D48B9AFE29441066003A937E /* Release */ = {
			isa = XCBuildConfiguration;
			buildSettings = {
				ASSETCATALOG_COMPILER_APPICON_NAME = AppIcon;
				ASSETCATALOG_COMPILER_GLOBAL_ACCENT_COLOR_NAME = AccentColor;
				CODE_SIGN_STYLE = Automatic;
				CURRENT_PROJECT_VERSION = 1;
				DEVELOPMENT_ASSET_PATHS = "\"OpenTable-Test/Preview Content\"";
				DEVELOPMENT_TEAM = 33W8TV4FP8;
				ENABLE_PREVIEWS = YES;
				GENERATE_INFOPLIST_FILE = YES;
				INFOPLIST_KEY_UIApplicationSceneManifest_Generation = YES;
				INFOPLIST_KEY_UIApplicationSupportsIndirectInputEvents = YES;
				INFOPLIST_KEY_UILaunchScreen_Generation = YES;
				INFOPLIST_KEY_UISupportedInterfaceOrientations_iPad = "UIInterfaceOrientationPortrait UIInterfaceOrientationPortraitUpsideDown UIInterfaceOrientationLandscapeLeft UIInterfaceOrientationLandscapeRight";
				INFOPLIST_KEY_UISupportedInterfaceOrientations_iPhone = "UIInterfaceOrientationPortrait UIInterfaceOrientationLandscapeLeft UIInterfaceOrientationLandscapeRight";
				IPHONEOS_DEPLOYMENT_TARGET = 16.0;
				LD_RUNPATH_SEARCH_PATHS = (
					"$(inherited)",
					"@executable_path/Frameworks",
				);
				MARKETING_VERSION = 1.0;
				PRODUCT_BUNDLE_IDENTIFIER = "com.jose.OpenTable-Testtt";
				PRODUCT_NAME = "$(TARGET_NAME)";
				SWIFT_EMIT_LOC_STRINGS = YES;
				SWIFT_VERSION = 5.0;
				TARGETED_DEVICE_FAMILY = "1,2";
			};
			name = Release;
		};
/* End XCBuildConfiguration section */

/* Begin XCConfigurationList section */
		D48B9AE929441064003A937E /* Build configuration list for PBXProject "OpenTable-Test" */ = {
			isa = XCConfigurationList;
			buildConfigurations = (
				D48B9AFA29441066003A937E /* Debug */,
				D48B9AFB29441066003A937E /* Release */,
			);
			defaultConfigurationIsVisible = 0;
			defaultConfigurationName = Release;
		};
		D48B9AFC29441066003A937E /* Build configuration list for PBXNativeTarget "OpenTable-Test" */ = {
			isa = XCConfigurationList;
			buildConfigurations = (
				D48B9AFD29441066003A937E /* Debug */,
				D48B9AFE29441066003A937E /* Release */,
			);
			defaultConfigurationIsVisible = 0;
			defaultConfigurationName = Release;
		};
/* End XCConfigurationList section */
	};
	rootObject = D48B9AE629441064003A937E /* Project object */;
}
